
Microsoft Visual Studio Solution File, Format Version 12.00
# Visual Studio 15
VisualStudioVersion = 15.0.25807.0
MinimumVisualStudioVersion = 10.0.40219.1
Project("{2150E333-8FDC-42A3-9474-1A3956D46DE8}") = "Engine", "Engine", "{1522E718-910A-442D-B57B-CF06794813D0}"
EndProject
Project("{2150E333-8FDC-42A3-9474-1A3956D46DE8}") = "Games", "Games", "{766ED860-40F5-47ED-8D0E-4BDAF03F3F40}"
EndProject
Project("{8BC9CEB8-8B4A-11D0-8D11-00A0C91BC942}") = "ReadFromConfigFile", "Intermediate\ProjectFiles\ReadFromConfigFile.vcxproj", "{B3317DB1-1176-42BF-A8F7-795856DC59E1}"
EndProject
Project("{8BC9CEB8-8B4A-11D0-8D11-00A0C91BC942}") = "UE4", "Intermediate\ProjectFiles\UE4.vcxproj", "{2D06F6F9-7F52-41FF-8EEF-6AEEA05DCC44}"
EndProject
Project("{2150E333-8FDC-42A3-9474-1A3956D46DE8}") = "Visualizers", "Visualizers", "{318CB841-FD78-40D3-B5F6-DA797E62AF6E}"
	ProjectSection(SolutionItems) = preProject
		..\..\Program Files\Epic Games\UE_4.22\Engine\Extras\VisualStudioDebugging\UE4.natvis = ..\..\Program Files\Epic Games\UE_4.22\Engine\Extras\VisualStudioDebugging\UE4.natvis
	EndProjectSection
EndProject
Global
	GlobalSection(SolutionConfigurationPlatforms) = preSolution
		DebugGame Editor|HTML5 = DebugGame Editor|HTML5
		DebugGame Editor|Win32 = DebugGame Editor|Win32
		DebugGame Editor|Win64 = DebugGame Editor|Win64
		DebugGame|HTML5 = DebugGame|HTML5
		DebugGame|Win32 = DebugGame|Win32
		DebugGame|Win64 = DebugGame|Win64
		Development Editor|HTML5 = Development Editor|HTML5
		Development Editor|Win32 = Development Editor|Win32
		Development Editor|Win64 = Development Editor|Win64
		Development|HTML5 = Development|HTML5
		Development|Win32 = Development|Win32
		Development|Win64 = Development|Win64
		Shipping|HTML5 = Shipping|HTML5
		Shipping|Win32 = Shipping|Win32
		Shipping|Win64 = Shipping|Win64
	EndGlobalSection
	GlobalSection(ProjectConfigurationPlatforms) = postSolution
		{B3317DB1-1176-42BF-A8F7-795856DC59E1}.DebugGame Editor|HTML5.ActiveCfg = Invalid|Win32
		{B3317DB1-1176-42BF-A8F7-795856DC59E1}.DebugGame Editor|Win32.ActiveCfg = Invalid|Win32
		{B3317DB1-1176-42BF-A8F7-795856DC59E1}.DebugGame Editor|Win64.ActiveCfg = DebugGame_Editor|x64
		{B3317DB1-1176-42BF-A8F7-795856DC59E1}.DebugGame Editor|Win64.Build.0 = DebugGame_Editor|x64
		{B3317DB1-1176-42BF-A8F7-795856DC59E1}.DebugGame|HTML5.ActiveCfg = HTML5_DebugGame|Win32
		{B3317DB1-1176-42BF-A8F7-795856DC59E1}.DebugGame|HTML5.Build.0 = HTML5_DebugGame|Win32
		{B3317DB1-1176-42BF-A8F7-795856DC59E1}.DebugGame|Win32.ActiveCfg = DebugGame|Win32
		{B3317DB1-1176-42BF-A8F7-795856DC59E1}.DebugGame|Win32.Build.0 = DebugGame|Win32
		{B3317DB1-1176-42BF-A8F7-795856DC59E1}.DebugGame|Win64.ActiveCfg = DebugGame|x64
		{B3317DB1-1176-42BF-A8F7-795856DC59E1}.DebugGame|Win64.Build.0 = DebugGame|x64
		{B3317DB1-1176-42BF-A8F7-795856DC59E1}.Development Editor|HTML5.ActiveCfg = Invalid|Win32
		{B3317DB1-1176-42BF-A8F7-795856DC59E1}.Development Editor|Win32.ActiveCfg = Invalid|Win32
		{B3317DB1-1176-42BF-A8F7-795856DC59E1}.Development Editor|Win64.ActiveCfg = Development_Editor|x64
		{B3317DB1-1176-42BF-A8F7-795856DC59E1}.Development Editor|Win64.Build.0 = Development_Editor|x64
		{B3317DB1-1176-42BF-A8F7-795856DC59E1}.Development|HTML5.ActiveCfg = HTML5_Development|Win32
		{B3317DB1-1176-42BF-A8F7-795856DC59E1}.Development|HTML5.Build.0 = HTML5_Development|Win32
		{B3317DB1-1176-42BF-A8F7-795856DC59E1}.Development|Win32.ActiveCfg = Development|Win32
		{B3317DB1-1176-42BF-A8F7-795856DC59E1}.Development|Win32.Build.0 = Development|Win32
		{B3317DB1-1176-42BF-A8F7-795856DC59E1}.Development|Win64.ActiveCfg = Development|x64
		{B3317DB1-1176-42BF-A8F7-795856DC59E1}.Development|Win64.Build.0 = Development|x64
		{B3317DB1-1176-42BF-A8F7-795856DC59E1}.Shipping|HTML5.ActiveCfg = HTML5_Shipping|Win32
		{B3317DB1-1176-42BF-A8F7-795856DC59E1}.Shipping|HTML5.Build.0 = HTML5_Shipping|Win32
		{B3317DB1-1176-42BF-A8F7-795856DC59E1}.Shipping|Win32.ActiveCfg = Shipping|Win32
		{B3317DB1-1176-42BF-A8F7-795856DC59E1}.Shipping|Win32.Build.0 = Shipping|Win32
		{B3317DB1-1176-42BF-A8F7-795856DC59E1}.Shipping|Win64.ActiveCfg = Shipping|x64
		{B3317DB1-1176-42BF-A8F7-795856DC59E1}.Shipping|Win64.Build.0 = Shipping|x64
		{2D06F6F9-7F52-41FF-8EEF-6AEEA05DCC44}.DebugGame Editor|HTML5.ActiveCfg = BuiltWithUnrealBuildTool|Win32
		{2D06F6F9-7F52-41FF-8EEF-6AEEA05DCC44}.DebugGame Editor|Win32.ActiveCfg = BuiltWithUnrealBuildTool|Win32
		{2D06F6F9-7F52-41FF-8EEF-6AEEA05DCC44}.DebugGame Editor|Win64.ActiveCfg = BuiltWithUnrealBuildTool|Win32
		{2D06F6F9-7F52-41FF-8EEF-6AEEA05DCC44}.DebugGame|HTML5.ActiveCfg = BuiltWithUnrealBuildTool|Win32
		{2D06F6F9-7F52-41FF-8EEF-6AEEA05DCC44}.DebugGame|Win32.ActiveCfg = BuiltWithUnrealBuildTool|Win32
		{2D06F6F9-7F52-41FF-8EEF-6AEEA05DCC44}.DebugGame|Win64.ActiveCfg = BuiltWithUnrealBuildTool|Win32
		{2D06F6F9-7F52-41FF-8EEF-6AEEA05DCC44}.Development Editor|HTML5.ActiveCfg = BuiltWithUnrealBuildTool|Win32
		{2D06F6F9-7F52-41FF-8EEF-6AEEA05DCC44}.Development Editor|Win32.ActiveCfg = BuiltWithUnrealBuildTool|Win32
		{2D06F6F9-7F52-41FF-8EEF-6AEEA05DCC44}.Development Editor|Win64.ActiveCfg = BuiltWithUnrealBuildTool|Win32
		{2D06F6F9-7F52-41FF-8EEF-6AEEA05DCC44}.Development|HTML5.ActiveCfg = BuiltWithUnrealBuildTool|Win32
		{2D06F6F9-7F52-41FF-8EEF-6AEEA05DCC44}.Development|Win32.ActiveCfg = BuiltWithUnrealBuildTool|Win32
		{2D06F6F9-7F52-41FF-8EEF-6AEEA05DCC44}.Development|Win64.ActiveCfg = BuiltWithUnrealBuildTool|Win32
		{2D06F6F9-7F52-41FF-8EEF-6AEEA05DCC44}.Shipping|HTML5.ActiveCfg = BuiltWithUnrealBuildTool|Win32
		{2D06F6F9-7F52-41FF-8EEF-6AEEA05DCC44}.Shipping|Win32.ActiveCfg = BuiltWithUnrealBuildTool|Win32
		{2D06F6F9-7F52-41FF-8EEF-6AEEA05DCC44}.Shipping|Win64.ActiveCfg = BuiltWithUnrealBuildTool|Win32
	EndGlobalSection
	GlobalSection(SolutionProperties) = preSolution
		HideSolutionNode = FALSE
	EndGlobalSection
	GlobalSection(NestedProjects) = preSolution
		{2D06F6F9-7F52-41FF-8EEF-6AEEA05DCC44} = {1522E718-910A-442D-B57B-CF06794813D0}
		{B3317DB1-1176-42BF-A8F7-795856DC59E1} = {766ED860-40F5-47ED-8D0E-4BDAF03F3F40}
	EndGlobalSection
EndGlobal
